
Microsoft Visual Studio Solution File, Format Version 12.00
# Visual Studio Version 17
VisualStudioVersion = 17.2.32616.157
MinimumVisualStudioVersion = 10.0.40219.1
Project("{FAE04EC0-301F-11D3-BF4B-00C04F79EFBC}") = "SalesPortal", "SalesPortal\SalesPortal.csproj", "{91A11E68-5F9D-4572-A93E-970FF112ABF5}"
EndProject
Global
	GlobalSection(SolutionConfigurationPlatforms) = preSolution
		Debug|Any CPU = Debug|Any CPU
		Release|Any CPU = Release|Any CPU
	EndGlobalSection
	GlobalSection(ProjectConfigurationPlatforms) = postSolution
		{91A11E68-5F9D-4572-A93E-970FF112ABF5}.Debug|Any CPU.ActiveCfg = Debug|Any CPU
		{91A11E68-5F9D-4572-A93E-970FF112ABF5}.Debug|Any CPU.Build.0 = Debug|Any CPU
		{91A11E68-5F9D-4572-A93E-970FF112ABF5}.Release|Any CPU.ActiveCfg = Release|Any CPU
		{91A11E68-5F9D-4572-A93E-970FF112ABF5}.Release|Any CPU.Build.0 = Release|Any CPU
	EndGlobalSection
	GlobalSection(SolutionProperties) = preSolution
		HideSolutionNode = FALSE
	EndGlobalSection
	GlobalSection(ExtensibilityGlobals) = postSolution
		SolutionGuid = {A1D81EE6-448C-428C-9F74-CB5122A71E5E}
	EndGlobalSection
EndGlobal
